
Microsoft Visual Studio Solution File, Format Version 12.00
# Visual Studio Version 17
VisualStudioVersion = 17.11.35327.3
MinimumVisualStudioVersion = 10.0.40219.1
Project("{FAE04EC0-301F-11D3-BF4B-00C04F79EFBC}") = "MakaleYuklemeSistemi", "MakaleYuklemeSistemi.csproj", "{96A470B7-57F0-4495-AF1F-D60813DFFAC4}"
EndProject
Global
	GlobalSection(SolutionConfigurationPlatforms) = preSolution
		Debug|Any CPU = Debug|Any CPU
		Release|Any CPU = Release|Any CPU
	EndGlobalSection
	GlobalSection(ProjectConfigurationPlatforms) = postSolution
		{96A470B7-57F0-4495-AF1F-D60813DFFAC4}.Debug|Any CPU.ActiveCfg = Debug|Any CPU
		{96A470B7-57F0-4495-AF1F-D60813DFFAC4}.Debug|Any CPU.Build.0 = Debug|Any CPU
		{96A470B7-57F0-4495-AF1F-D60813DFFAC4}.Release|Any CPU.ActiveCfg = Release|Any CPU
		{96A470B7-57F0-4495-AF1F-D60813DFFAC4}.Release|Any CPU.Build.0 = Release|Any CPU
	EndGlobalSection
	GlobalSection(SolutionProperties) = preSolution
		HideSolutionNode = FALSE
	EndGlobalSection
	GlobalSection(ExtensibilityGlobals) = postSolution
		SolutionGuid = {72E63DBD-B2AB-4C99-97FC-F93C5BE12504}
	EndGlobalSection
EndGlobal
